
Microsoft Visual Studio Solution File, Format Version 12.00
# Visual Studio Version 17
VisualStudioVersion = 17.14.36518.9 d17.14
MinimumVisualStudioVersion = 10.0.40219.1
Project("{FAE04EC0-301F-11D3-BF4B-00C04F79EFBC}") = "BlazorIdle", "BlazorIdle\BlazorIdle.csproj", "{0382E31C-AC2D-4846-B21F-ED1B4FE0CB69}"
EndProject
Global
	GlobalSection(SolutionConfigurationPlatforms) = preSolution
		Debug|Any CPU = Debug|Any CPU
		Release|Any CPU = Release|Any CPU
	EndGlobalSection
	GlobalSection(ProjectConfigurationPlatforms) = postSolution
		{0382E31C-AC2D-4846-B21F-ED1B4FE0CB69}.Debug|Any CPU.ActiveCfg = Debug|Any CPU
		{0382E31C-AC2D-4846-B21F-ED1B4FE0CB69}.Debug|Any CPU.Build.0 = Debug|Any CPU
		{0382E31C-AC2D-4846-B21F-ED1B4FE0CB69}.Release|Any CPU.ActiveCfg = Release|Any CPU
		{0382E31C-AC2D-4846-B21F-ED1B4FE0CB69}.Release|Any CPU.Build.0 = Release|Any CPU
	EndGlobalSection
	GlobalSection(SolutionProperties) = preSolution
		HideSolutionNode = FALSE
	EndGlobalSection
	GlobalSection(ExtensibilityGlobals) = postSolution
		SolutionGuid = {A1E02878-DFD3-4B8B-A6F5-3FB57BDF55F3}
	EndGlobalSection
EndGlobal
